<?xml version="1.0" encoding="utf-8"?>
<Project ToolsVersion="4.0" xmlns="http://schemas.microsoft.com/developer/msbuild/2003">
  <ItemGroup>
    <ClCompile Include="..\lib\glad\src\glad.c" />
    <ClCompile Include="..\lib\stb\stb_image.cpp.cpp" />
    <ClCompile Include="source\Graphics\CameraController.cpp" />
    <ClCompile Include="source\Graphics\OrthoCamera.cpp" />
    <ClCompile Include="source\Graphics\ElementBuffer.cpp" />
    <ClCompile Include="source\Graphics\Renderer.cpp" />
    <ClCompile Include="source\Core\Coordinator.cpp" />
    <ClCompile Include="source\Core\FrameRateController.cpp" />
    <ClCompile Include="source\Graphics\Shader.cpp" />
    <ClCompile Include="source\Main.cpp" />
    <ClCompile Include="source\Systems\AnimationSystem.cpp" />
    <ClCompile Include="source\Systems\CollisionSystem.cpp" />
    <ClCompile Include="source\Systems\EditorControlSystem.cpp" />
    <ClCompile Include="source\Systems\InputSystem.cpp" />
    <ClCompile Include="source\Systems\PhysicsSystem.cpp" />
    <ClCompile Include="source\Systems\RenderSystem.cpp" />
    <ClCompile Include="source\WindowManager.cpp" />
    <ClCompile Include="source\Graphics\Texture.cpp" />
    <ClCompile Include="source\Graphics\VertexBuffer.cpp" />
    <ClCompile Include="source\Graphics\VetexArray.cpp" />
    <ClCompile Include="source\Graphics\SubTexture.cpp" />
    <ClCompile Include="source\Graphics\Framebuffer.cpp" />
    <ClCompile Include="source\Core\Serialization\SerializationManager.cpp" />
    <ClCompile Include="source\Engine\States\State.cpp" />
    <ClCompile Include="source\Engine\StateManager.cpp" />
    <ClCompile Include="source\Engine\States\MainState.cpp" />
    <ClCompile Include="source\Systems\EntitySerializationSystem.cpp" />
    <ClCompile Include="source\IMGUI\ImguiApp.cpp" />
    <ClCompile Include="source\Math\Mat2.cpp" />
    <ClCompile Include="source\Math\mat3.cpp" />
    <ClCompile Include="source\Math\mat4.cpp" />
    <ClCompile Include="source\Math\MathUtils.cpp" />
    <ClCompile Include="source\Math\vec2.cpp" />
    <ClCompile Include="source\Math\vec3.cpp" />
    <ClCompile Include="source\Math\vec4.cpp" />
    <ClCompile Include="source\Systems\ImguiSystem.cpp" />
    <ClCompile Include="Vendor\imgui-docking\backends\imgui_impl_glfw.cpp" />
    <ClCompile Include="Vendor\imgui-docking\backends\imgui_impl_opengl3.cpp" />
    <ClCompile Include="Vendor\imgui-docking\backends\imgui_impl_win32.cpp" />
    <ClCompile Include="Vendor\imgui-docking\imgui.cpp" />
    <ClCompile Include="Vendor\imgui-docking\imgui_demo.cpp" />
    <ClCompile Include="Vendor\imgui-docking\imgui_draw.cpp" />
    <ClCompile Include="Vendor\imgui-docking\imgui_tables.cpp" />
    <ClCompile Include="Vendor\imgui-docking\imgui_widgets.cpp" />
    <ClCompile Include="source\Graphics\FontRenderer.cpp" />
    <ClCompile Include="source\Audio\Sound.cpp" />
    <ClCompile Include="source\Scripting\ScriptClass.cpp" />
    <ClCompile Include="source\Scripting\ScriptCoordinator.cpp" />
    <ClCompile Include="source\Scripting\ScriptInstance.cpp" />
    <ClCompile Include="source\Scripting\ScriptManager.cpp" />
  </ItemGroup>
  <ItemGroup>
    <ClInclude Include="include\Core\EventTypes.hpp" />
    <ClInclude Include="include\Components\Animation.hpp" />
    <ClInclude Include="include\Graphics\OrthoCamera.hpp" />
    <ClInclude Include="include\Graphics\ElementBuffer.hpp" />
    <ClInclude Include="include\Components\BoxCollider.hpp" />
    <ClInclude Include="include\Components\Camera.hpp" />
    <ClInclude Include="include\Components\Editor.hpp" />
    <ClInclude Include="include\Components\Gravity.hpp" />
    <ClInclude Include="include\Components\Player.hpp" />
    <ClInclude Include="include\Components\Sprite.hpp" />
    <ClInclude Include="include\Components\RigidBody.hpp" />
    <ClInclude Include="include\Components\Transform.hpp" />
    <ClInclude Include="include\Core\ComponentArray.hpp" />
    <ClInclude Include="include\Core\ComponentManager.hpp" />
    <ClInclude Include="include\Core\Coordinator.hpp" />
    <ClInclude Include="include\Core\EntityManager.hpp" />
    <ClInclude Include="include\Core\Event.hpp" />
    <ClInclude Include="include\Core\EventManager.hpp" />
    <ClInclude Include="include\Core\FrameRateController.hpp" />
    <ClInclude Include="include\Core\Globals.hpp" />
    <ClInclude Include="include\Core\Physics.hpp" />
    <ClInclude Include="include\Core\System.hpp" />
    <ClInclude Include="include\Core\SystemManager.hpp" />
    <ClInclude Include="include\Core\Types.hpp" />
    <ClInclude Include="include\DataMgmt\QuadTree.hpp" />
    <ClInclude Include="include\DataMgmt\QuadTree\Node.hpp" />
    <ClInclude Include="include\DataMgmt\QuadTree\Quadtree.hpp" />
    <ClInclude Include="include\DataMgmt\QuadTree\Rect.hpp" />
    <ClInclude Include="include\Graphics\GLSLShader.hpp" />
    <ClInclude Include="include\Graphics\Shader.hpp" />
    <ClInclude Include="include\Math\Collision.hpp" />
    <ClInclude Include="include\Math\Mat44.hpp" />
    <ClInclude Include="include\Math\Vec2.hpp" />
    <ClInclude Include="include\Math\Vec3.hpp" />
    <ClInclude Include="include\Math\Vec4.hpp" />
    <ClInclude Include="include\Systems\AnimationSystem.hpp" />
    <ClInclude Include="include\Systems\CollisionSystem.hpp" />
    <ClInclude Include="include\Systems\EditorControlSystem.hpp" />
    <ClInclude Include="include\Systems\InputSystem.hpp" />
    <ClInclude Include="include\Systems\PhysicsSystem.hpp" />
    <ClInclude Include="include\Systems\RenderSystem.hpp" />
    <ClInclude Include="include\Graphics\Renderer.hpp" />
    <ClInclude Include="source\WindowManager.hpp" />
    <ClInclude Include="include\Graphics\Texture.hpp" />
    <ClInclude Include="include\Graphics\VertexArray.hpp" />
    <ClInclude Include="include\Graphics\VertexBuffer.hpp" />
    <ClInclude Include="include\Graphics\SubTexture.hpp" />
    <ClInclude Include="include\Graphics\Framebuffer.hpp" />
    <ClInclude Include="include\IMGUI\ImguiApp.hpp" />
    <ClInclude Include="include\Math\Mat2.h" />
    <ClInclude Include="include\Math\mat3.h" />
    <ClInclude Include="include\Math\mat4.h" />
    <ClInclude Include="include\Math\MathUtils.h" />
    <ClInclude Include="include\Math\vec2.h" />
    <ClInclude Include="include\Math\vec3.h" />
    <ClInclude Include="include\Math\vec4.h" />
    <ClInclude Include="include\Systems\ImguiSystem.hpp" />
    <ClInclude Include="Vendor\imgui-docking\backends\imgui_impl_glfw.h" />
    <ClInclude Include="Vendor\imgui-docking\backends\imgui_impl_opengl3.h" />
    <ClInclude Include="Vendor\imgui-docking\backends\imgui_impl_opengl3_loader.h" />
    <ClInclude Include="Vendor\imgui-docking\backends\imgui_impl_win32.h" />
    <ClInclude Include="Vendor\imgui-docking\imconfig.h" />
    <ClInclude Include="Vendor\imgui-docking\imgui.h" />
    <ClInclude Include="Vendor\imgui-docking\imgui_internal.h" />
    <ClInclude Include="Vendor\imgui-docking\imstb_rectpack.h" />
    <ClInclude Include="Vendor\imgui-docking\imstb_textedit.h" />
    <ClInclude Include="Vendor\imgui-docking\imstb_truetype.h" />
    <ClInclude Include="include\Components\OrthoCamera.hpp" />
    <ClInclude Include="include\pch.h" />
    <ClInclude Include="include\Graphics\FontRenderer.hpp" />
    <ClInclude Include="include\Audio\Sound.hpp" />
    <ClInclude Include="include\Components\Script.hpp" />
    <ClInclude Include="include\Scripting\ScriptClass.hpp" />
    <ClInclude Include="include\Scripting\ScriptCoordinator.hpp" />
    <ClInclude Include="include\Scripting\ScriptInstance.hpp" />
    <ClInclude Include="include\Scripting\ScriptManager.hpp" />
  </ItemGroup>
  <ItemGroup>
    <Image Include="..\Textures\Attack_1.png" />
    <ClInclude Include="include\Graphics\Shader.hpp">
      <Filter>Header Files</Filter>
    </ClInclude>
    <ClInclude Include="include\Systems\PhysicsSystem.hpp">
      <Filter>Header Files</Filter>
    </ClInclude>
    <ClInclude Include="include\Systems\RenderSystem.hpp">
      <Filter>Header Files</Filter>
    </ClInclude>
    <ClInclude Include="include\Components\Camera.hpp">
      <Filter>Header Files</Filter>
    </ClInclude>
    <ClInclude Include="include\Components\Gravity.hpp">
      <Filter>Header Files</Filter>
    </ClInclude>
    <ClInclude Include="include\Components\Player.hpp">
      <Filter>Header Files</Filter>
    </ClInclude>
    <ClInclude Include="include\Components\Sprite.hpp">
      <Filter>Header Files</Filter>
    </ClInclude>
    <ClInclude Include="include\Components\RigidBody.hpp">
      <Filter>Header Files</Filter>
    </ClInclude>
    <ClInclude Include="include\Components\Transform.hpp">
      <Filter>Header Files</Filter>
    </ClInclude>
    <ClInclude Include="include\Core\ComponentArray.hpp">
      <Filter>Header Files</Filter>
    </ClInclude>
    <ClInclude Include="include\Core\ComponentManager.hpp">
      <Filter>Header Files</Filter>
    </ClInclude>
    <ClInclude Include="include\Core\Coordinator.hpp">
      <Filter>Header Files</Filter>
    </ClInclude>
    <ClInclude Include="include\Core\EntityManager.hpp">
      <Filter>Header Files</Filter>
    </ClInclude>
    <ClInclude Include="include\Core\Event.hpp">
      <Filter>Header Files</Filter>
    </ClInclude>
    <ClInclude Include="include\Core\EventManager.hpp">
      <Filter>Header Files</Filter>
    </ClInclude>
    <ClInclude Include="include\Core\System.hpp">
      <Filter>Header Files</Filter>
    </ClInclude>
    <ClInclude Include="include\Core\SystemManager.hpp">
      <Filter>Header Files</Filter>
    </ClInclude>
    <ClInclude Include="include\Core\Types.hpp">
      <Filter>Header Files</Filter>
    </ClInclude>
    <ClInclude Include="source\WindowManager.hpp">
      <Filter>Source Files</Filter>
    </ClInclude>
    <ClInclude Include="include\Graphics\GLSLShader.hpp">
      <Filter>Header Files</Filter>
    </ClInclude>
    <ClInclude Include="include\DataMgmt\QuadTree.hpp">
      <Filter>Header Files</Filter>
    </ClInclude>
    <ClInclude Include="include\DataMgmt\QuadTree\Node.hpp">
      <Filter>Header Files</Filter>
    </ClInclude>
    <ClInclude Include="include\DataMgmt\QuadTree\Quadtree.hpp">
      <Filter>Header Files</Filter>
    </ClInclude>
    <ClInclude Include="include\DataMgmt\QuadTree\Rect.hpp">
      <Filter>Header Files</Filter>
    </ClInclude>
    <ClInclude Include="include\Core\Globals.hpp">
      <Filter>Header Files</Filter>
    </ClInclude>
    <ClInclude Include="include\Components\BoxCollider.hpp">
      <Filter>Header Files</Filter>
    </ClInclude>
    <ClInclude Include="include\Systems\CollisionSystem.hpp">
      <Filter>Header Files</Filter>
    </ClInclude>
    <ClInclude Include="include\Systems\EditorControlSystem.hpp">
      <Filter>Header Files</Filter>
    </ClInclude>
    <ClInclude Include="include\Components\Editor.hpp">
      <Filter>Header Files</Filter>
    </ClInclude>
    <ClInclude Include="include\Math\Collision.hpp">
      <Filter>Header Files</Filter>
    </ClInclude>
    <ClInclude Include="include\Systems\InputSystem.hpp">
      <Filter>Header Files</Filter>
    </ClInclude>
    <ClInclude Include="include\Core\Physics.hpp">
      <Filter>Header Files</Filter>
    </ClInclude>
    <ClInclude Include="include\Core\FrameRateController.hpp">
      <Filter>Header Files</Filter>
    </ClInclude>
    <ClInclude Include="include\Graphics\ElementBuffer.hpp">
      <Filter>Header Files</Filter>
    </ClInclude>
    <ClInclude Include="include\Graphics\Renderer.hpp">
      <Filter>Header Files</Filter>
    </ClInclude>
    <ClInclude Include="include\Graphics\Texture.hpp">
      <Filter>Header Files</Filter>
    </ClInclude>
    <ClInclude Include="include\Graphics\VertexArray.hpp">
      <Filter>Header Files</Filter>
    </ClInclude>
    <ClInclude Include="include\Graphics\VertexBuffer.hpp">
      <Filter>Header Files</Filter>
    </ClInclude>
    <ClInclude Include="include\Graphics\OrthoCamera.hpp">
      <Filter>Header Files</Filter>
    </ClInclude>
    <ClInclude Include="include\Math\Mat44.hpp">
      <Filter>Header Files</Filter>
    </ClInclude>
    <ClInclude Include="include\Math\Vec2.hpp">
      <Filter>Header Files</Filter>
    </ClInclude>
    <ClInclude Include="include\Math\Vec3.hpp">
      <Filter>Header Files</Filter>
    </ClInclude>
    <ClInclude Include="include\Math\Vec4.hpp">
      <Filter>Header Files</Filter>
    </ClInclude>
  </ItemGroup>
  <ItemGroup>
    <ClCompile Include="source\Systems\PhysicsSystem.cpp">
      <Filter>Source Files</Filter>
    </ClCompile>
    <ClCompile Include="source\Main.cpp">
      <Filter>Source Files</Filter>
    </ClCompile>
    <ClCompile Include="source\WindowManager.cpp">
      <Filter>Source Files</Filter>
    </ClCompile>
    <ClCompile Include="..\lib\glad\src\glad.c">
      <Filter>Source Files\lib</Filter>
    </ClCompile>
    <ClCompile Include="source\Core\Coordinator.cpp">
      <Filter>Source Files</Filter>
    </ClCompile>
    <ClCompile Include="source\Systems\CollisionSystem.cpp">
      <Filter>Source Files</Filter>
    </ClCompile>
    <ClCompile Include="source\Systems\EditorControlSystem.cpp">
      <Filter>Source Files</Filter>
    </ClCompile>
    <ClCompile Include="source\Systems\InputSystem.cpp">
      <Filter>Source Files</Filter>
    </ClCompile>
    <ClCompile Include="..\lib\stb\stb_image.cpp.cpp">
      <Filter>Source Files</Filter>
    </ClCompile>
    <ClCompile Include="source\Graphics\ElementBuffer.cpp">
      <Filter>Source Files\Graphics</Filter>
    </ClCompile>
    <ClCompile Include="source\Graphics\Renderer.cpp">
      <Filter>Source Files\Graphics</Filter>
    </ClCompile>
    <ClCompile Include="source\Systems\RenderSystem.cpp">
      <Filter>Source Files\Graphics</Filter>
    </ClCompile>
    <ClCompile Include="source\Graphics\Shader.cpp">
      <Filter>Source Files\Graphics</Filter>
    </ClCompile>
    <ClCompile Include="source\Graphics\Texture.cpp">
      <Filter>Source Files\Graphics</Filter>
    </ClCompile>
    <ClCompile Include="source\Graphics\VertexBuffer.cpp">
      <Filter>Source Files\Graphics</Filter>
    </ClCompile>
    <ClCompile Include="source\Graphics\VetexArray.cpp">
      <Filter>Source Files\Graphics</Filter>
    </ClCompile>
    <ClCompile Include="source\Core\FrameRateController.cpp">
      <Filter>Source Files</Filter>
    </ClCompile>
    <ClCompile Include="source\Graphics\OrthoCamera.cpp">
      <Filter>Source Files</Filter>
    </ClCompile>
    <ClInclude Include="include\Core\Serialization\Serializer.hpp" />
    <ClInclude Include="include\Core\Serialization\SerializationManager.hpp" />
    <ClInclude Include="include\Engine\States\State.hpp" />
    <ClInclude Include="include\Engine\StateManager.hpp" />
    <ClInclude Include="include\Engine\States\MainState.hpp" />
    <ClInclude Include="include\Core\Component.hpp" />
    <ClInclude Include="include\Core\Serialization\SerializerComponent.hpp" />
    <ClInclude Include="include\Systems\EntitySerializationSystem.hpp" />
  </ItemGroup>
  <ItemGroup>
    <Image Include="..\Textures\Attack_1.png" />
  </ItemGroup>
  <ItemGroup>
    <None Include="..\Shaders\fragment.glsl" />
    <None Include="..\Shaders\Line.frag" />
    <None Include="..\Shaders\Line.vert" />
    <None Include="..\Shaders\Tex.frag" />
    <None Include="..\Shaders\Tex.vert" />
    <None Include="..\Shaders\vertex.glsl" />
  </ItemGroup>
</Project>